
Microsoft Visual Studio Solution File, Format Version 12.00
# Visual Studio 15
VisualStudioVersion = 15.0.28307.1259
MinimumVisualStudioVersion = 10.0.40219.1
Project("{FAE04EC0-301F-11D3-BF4B-00C04F79EFBC}") = "Login.cs", "Login.cs\Login.cs.csproj", "{123C7CDD-3418-4583-877D-8646A0420B0A}"
EndProject
Global
	GlobalSection(SolutionConfigurationPlatforms) = preSolution
		Debug|Any CPU = Debug|Any CPU
		Release|Any CPU = Release|Any CPU
	EndGlobalSection
	GlobalSection(ProjectConfigurationPlatforms) = postSolution
		{123C7CDD-3418-4583-877D-8646A0420B0A}.Debug|Any CPU.ActiveCfg = Debug|Any CPU
		{123C7CDD-3418-4583-877D-8646A0420B0A}.Debug|Any CPU.Build.0 = Debug|Any CPU
		{123C7CDD-3418-4583-877D-8646A0420B0A}.Release|Any CPU.ActiveCfg = Release|Any CPU
		{123C7CDD-3418-4583-877D-8646A0420B0A}.Release|Any CPU.Build.0 = Release|Any CPU
	EndGlobalSection
	GlobalSection(SolutionProperties) = preSolution
		HideSolutionNode = FALSE
	EndGlobalSection
	GlobalSection(ExtensibilityGlobals) = postSolution
		SolutionGuid = {83453E2F-5B3E-40B4-BD6D-0302C5E4F5AF}
	EndGlobalSection
EndGlobal
